// !$*UTF8*$!
{
	archiveVersion = 1;
	classes = {
	};
	objectVersion = 46;
	objects = {

/* Begin PBXBuildFile section */
		3624F7F71EDB14F4001159BC /* AppDelegate.swift in Sources */ = {isa = PBXBuildFile; fileRef = 3624F7F61EDB14F4001159BC /* AppDelegate.swift */; };
		3624F7F91EDB14F4001159BC /* ViewController.swift in Sources */ = {isa = PBXBuildFile; fileRef = 3624F7F81EDB14F4001159BC /* ViewController.swift */; };
		3624F7FC1EDB14F4001159BC /* Main.storyboard in Resources */ = {isa = PBXBuildFile; fileRef = 3624F7FA1EDB14F4001159BC /* Main.storyboard */; };
		3624F7FE1EDB14F4001159BC /* Assets.xcassets in Resources */ = {isa = PBXBuildFile; fileRef = 3624F7FD1EDB14F4001159BC /* Assets.xcassets */; };
		3624F8011EDB14F4001159BC /* LaunchScreen.storyboard in Resources */ = {isa = PBXBuildFile; fileRef = 3624F7FF1EDB14F4001159BC /* LaunchScreen.storyboard */; };
/* End PBXBuildFile section */

/* Begin PBXFileReference section */
		3624F7F31EDB14F4001159BC /* TwitchListing.app */ = {isa = PBXFileReference; explicitFileType = wrapper.application; includeInIndex = 0; path = TwitchListing.app; sourceTree = BUILT_PRODUCTS_DIR; };
		3624F7F61EDB14F4001159BC /* AppDelegate.swift */ = {isa = PBXFileReference; lastKnownFileType = sourcecode.swift; path = AppDelegate.swift; sourceTree = "<group>"; };
		3624F7F81EDB14F4001159BC /* ViewController.swift */ = {isa = PBXFileReference; lastKnownFileType = sourcecode.swift; path = ViewController.swift; sourceTree = "<group>"; };
		3624F7FB1EDB14F4001159BC /* Base */ = {isa = PBXFileReference; lastKnownFileType = file.storyboard; name = Base; path = Base.lproj/Main.storyboard; sourceTree = "<group>"; };
		3624F7FD1EDB14F4001159BC /* Assets.xcassets */ = {isa = PBXFileReference; lastKnownFileType = folder.assetcatalog; path = Assets.xcassets; sourceTree = "<group>"; };
		3624F8001EDB14F4001159BC /* Base */ = {isa = PBXFileReference; lastKnownFileType = file.storyboard; name = Base; path = Base.lproj/LaunchScreen.storyboard; sourceTree = "<group>"; };
		3624F8021EDB14F4001159BC /* Info.plist */ = {isa = PBXFileReference; lastKnownFileType = text.plist.xml; path = Info.plist; sourceTree = "<group>"; };
/* End PBXFileReference section */

/* Begin PBXFrameworksBuildPhase section */
		3624F7F01EDB14F4001159BC /* Frameworks */ = {
			isa = PBXFrameworksBuildPhase;
			buildActionMask = 2147483647;
			files = (
			);
			runOnlyForDeploymentPostprocessing = 0;
		};
/* End PBXFrameworksBuildPhase section */

/* Begin PBXGroup section */
		3624F7EA1EDB14F4001159BC = {
			isa = PBXGroup;
			children = (
				3624F7F51EDB14F4001159BC /* TwitchListing */,
				3624F7F41EDB14F4001159BC /* Products */,
			);
			sourceTree = "<group>";
		};
		3624F7F41EDB14F4001159BC /* Products */ = {
			isa = PBXGroup;
			children = (
				3624F7F31EDB14F4001159BC /* TwitchListing.app */,
			);
			name = Products;
			sourceTree = "<group>";
		};
		3624F7F51EDB14F4001159BC /* TwitchListing */ = {
			isa = PBXGroup;
			children = (
				3624F7F61EDB14F4001159BC /* AppDelegate.swift */,
				3624F7F81EDB14F4001159BC /* ViewController.swift */,
				3624F7FA1EDB14F4001159BC /* Main.storyboard */,
				3624F7FD1EDB14F4001159BC /* Assets.xcassets */,
				3624F7FF1EDB14F4001159BC /* LaunchScreen.storyboard */,
				3624F8021EDB14F4001159BC /* Info.plist */,
			);
			path = TwitchListing;
			sourceTree = "<group>";
		};
/* End PBXGroup section */

/* Begin PBXNativeTarget section */
		3624F7F21EDB14F4001159BC /* TwitchListing */ = {
			isa = PBXNativeTarget;
			buildConfigurationList = 3624F8051EDB14F4001159BC /* Build configuration list for PBXNativeTarget "TwitchListing" */;
			buildPhases = (
				3624F7EF1EDB14F4001159BC /* Sources */,
				3624F7F01EDB14F4001159BC /* Frameworks */,
				3624F7F11EDB14F4001159BC /* Resources */,
			);
			buildRules = (
			);
			dependencies = (
			);
			name = TwitchListing;
			productName = TwitchListing;
			productReference = 3624F7F31EDB14F4001159BC /* TwitchListing.app */;
			productType = "com.apple.product-type.application";
		};
/* End PBXNativeTarget section */

/* Begin PBXProject section */
		3624F7EB1EDB14F4001159BC /* Project object */ = {
			isa = PBXProject;
			attributes = {
				LastSwiftUpdateCheck = 0830;
				LastUpgradeCheck = 0830;
				ORGANIZATIONNAME = "Szymon Kazmierczak";
				TargetAttributes = {
					3624F7F21EDB14F4001159BC = {
						CreatedOnToolsVersion = 8.3;
						DevelopmentTeam = 89T37KVV7J;
						ProvisioningStyle = Automatic;
					};
				};
			};
			buildConfigurationList = 3624F7EE1EDB14F4001159BC /* Build configuration list for PBXProject "TwitchListing" */;
			compatibilityVersion = "Xcode 3.2";
			developmentRegion = English;
			hasScannedForEncodings = 0;
			knownRegions = (
				en,
				Base,
			);
			mainGroup = 3624F7EA1EDB14F4001159BC;
			productRefGroup = 3624F7F41EDB14F4001159BC /* Products */;
			projectDirPath = "";
			projectRoot = "";
			targets = (
				3624F7F21EDB14F4001159BC /* TwitchListing */,
			);
		};
/* End PBXProject section */

/* Begin PBXResourcesBuildPhase section */
		3624F7F11EDB14F4001159BC /* Resources */ = {
			isa = PBXResourcesBuildPhase;
			buildActionMask = 2147483647;
			files = (
				3624F8011EDB14F4001159BC /* LaunchScreen.storyboard in Resources */,
				3624F7FE1EDB14F4001159BC /* Assets.xcassets in Resources */,
				3624F7FC1EDB14F4001159BC /* Main.storyboard in Resources */,
			);
			runOnlyForDeploymentPostprocessing = 0;
		};
/* End PBXResourcesBuildPhase section */

/* Begin PBXSourcesBuildPhase section */
		3624F7EF1EDB14F4001159BC /* Sources */ = {
			isa = PBXSourcesBuildPhase;
			buildActionMask = 2147483647;
			files = (
				3624F7F91EDB14F4001159BC /* ViewController.swift in Sources */,
				3624F7F71EDB14F4001159BC /* AppDelegate.swift in Sources */,
			);
			runOnlyForDeploymentPostprocessing = 0;
		};
/* End PBXSourcesBuildPhase section */

/* Begin PBXVariantGroup section */
		3624F7FA1EDB14F4001159BC /* Main.storyboard */ = {
			isa = PBXVariantGroup;
			children = (
				3624F7FB1EDB14F4001159BC /* Base */,
			);
			name = Main.storyboard;
			sourceTree = "<group>";
		};
		3624F7FF1EDB14F4001159BC /* LaunchScreen.storyboard */ = {
			isa = PBXVariantGroup;
			children = (
				3624F8001EDB14F4001159BC /* Base */,
			);
			name = LaunchScreen.storyboard;
			sourceTree = "<group>";
		};
/* End PBXVariantGroup section */

/* Begin XCBuildConfiguration section */
		3624F8031EDB14F4001159BC /* Debug */ = {
			isa = XCBuildConfiguration;
			buildSettings = {
				ALWAYS_SEARCH_USER_PATHS = NO;
				CLANG_ANALYZER_NONNULL = YES;
				CLANG_ANALYZER_NUMBER_OBJECT_CONVERSION = YES_AGGRESSIVE;
				CLANG_CXX_LANGUAGE_STANDARD = "gnu++0x";
				CLANG_CXX_LIBRARY = "libc++";
				CLANG_ENABLE_MODULES = YES;
				CLANG_ENABLE_OBJC_ARC = YES;
				CLANG_WARN_BOOL_CONVERSION = YES;
				CLANG_WARN_CONSTANT_CONVERSION = YES;
				CLANG_WARN_DIRECT_OBJC_ISA_USAGE = YES_ERROR;
				CLANG_WARN_DOCUMENTATION_COMMENTS = YES;
				CLANG_WARN_EMPTY_BODY = YES;
				CLANG_WARN_ENUM_CONVERSION = YES;
				CLANG_WARN_INFINITE_RECURSION = YES;
				CLANG_WARN_INT_CONVERSION = YES;
				CLANG_WARN_OBJC_ROOT_CLASS = YES_ERROR;
				CLANG_WARN_SUSPICIOUS_MOVE = YES;
				CLANG_WARN_UNREACHABLE_CODE = YES;
				CLANG_WARN__DUPLICATE_METHOD_MATCH = YES;
				"CODE_SIGN_IDENTITY[sdk=iphoneos*]" = "iPhone Developer";
				COPY_PHASE_STRIP = NO;
				DEBUG_INFORMATION_FORMAT = dwarf;
				ENABLE_STRICT_OBJC_MSGSEND = YES;
				ENABLE_TESTABILITY = YES;
				GCC_C_LANGUAGE_STANDARD = gnu99;
				GCC_DYNAMIC_NO_PIC = NO;
				GCC_NO_COMMON_BLOCKS = YES;
				GCC_OPTIMIZATION_LEVEL = 0;
				GCC_PREPROCESSOR_DEFINITIONS = (
					"DEBUG=1",
					"$(inherited)",
				);
				GCC_WARN_64_TO_32_BIT_CONVERSION = YES;
				GCC_WARN_ABOUT_RETURN_TYPE = YES_ERROR;
				GCC_WARN_UNDECLARED_SELECTOR = YES;
				GCC_WARN_UNINITIALIZED_AUTOS = YES_AGGRESSIVE;
				GCC_WARN_UNUSED_FUNCTION = YES;
				GCC_WARN_UNUSED_VARIABLE = YES;
				IPHONEOS_DEPLOYMENT_TARGET = 10.3;
				MTL_ENABLE_DEBUG_INFO = YES;
				ONLY_ACTIVE_ARCH = YES;
				SDKROOT = iphoneos;
				SWIFT_ACTIVE_COMPILATION_CONDITIONS = DEBUG;
				SWIFT_OPTIMIZATION_LEVEL = "-Onone";
			};
			name = Debug;
		};
		3624F8041EDB14F4001159BC /* Release */ = {
			isa = XCBuildConfiguration;
			buildSettings = {
				ALWAYS_SEARCH_USER_PATHS = NO;
				CLANG_ANALYZER_NONNULL = YES;
				CLANG_ANALYZER_NUMBER_OBJECT_CONVERSION = YES_AGGRESSIVE;
				CLANG_CXX_LANGUAGE_STANDARD = "gnu++0x";
				CLANG_CXX_LIBRARY = "libc++";
				CLANG_ENABLE_MODULES = YES;
				CLANG_ENABLE_OBJC_ARC = YES;
				CLANG_WARN_BOOL_CONVERSION = YES;
				CLANG_WARN_CONSTANT_CONVERSION = YES;
				CLANG_WARN_DIRECT_OBJC_ISA_USAGE = YES_ERROR;
				CLANG_WARN_DOCUMENTATION_COMMENTS = YES;
				CLANG_WARN_EMPTY_BODY = YES;
				CLANG_WARN_ENUM_CONVERSION = YES;
				CLANG_WARN_INFINITE_RECURSION = YES;
				CLANG_WARN_INT_CONVERSION = YES;
				CLANG_WARN_OBJC_ROOT_CLASS = YES_ERROR;
				CLANG_WARN_SUSPICIOUS_MOVE = YES;
				CLANG_WARN_UNREACHABLE_CODE = YES;
				CLANG_WARN__DUPLICATE_METHOD_MATCH = YES;
				"CODE_SIGN_IDENTITY[sdk=iphoneos*]" = "iPhone Developer";
				COPY_PHASE_STRIP = NO;
				DEBUG_INFORMATION_FORMAT = "dwarf-with-dsym";
				ENABLE_NS_ASSERTIONS = NO;
				ENABLE_STRICT_OBJC_MSGSEND = YES;
				GCC_C_LANGUAGE_STANDARD = gnu99;
				GCC_NO_COMMON_BLOCKS = YES;
				GCC_WARN_64_TO_32_BIT_CONVERSION = YES;
				GCC_WARN_ABOUT_RETURN_TYPE = YES_ERROR;
				GCC_WARN_UNDECLARED_SELECTOR = YES;
				GCC_WARN_UNINITIALIZED_AUTOS = YES_AGGRESSIVE;
				GCC_WARN_UNUSED_FUNCTION = YES;
				GCC_WARN_UNUSED_VARIABLE = YES;
				IPHONEOS_DEPLOYMENT_TARGET = 10.3;
				MTL_ENABLE_DEBUG_INFO = NO;
				SDKROOT = iphoneos;
				SWIFT_OPTIMIZATION_LEVEL = "-Owholemodule";
				VALIDATE_PRODUCT = YES;
			};
			name = Release;
		};
		3624F8061EDB14F4001159BC /* Debug */ = {
			isa = XCBuildConfiguration;
			buildSettings = {
				ASSETCATALOG_COMPILER_APPICON_NAME = AppIcon;
				DEVELOPMENT_TEAM = 89T37KVV7J;
				INFOPLIST_FILE = TwitchListing/Info.plist;
				LD_RUNPATH_SEARCH_PATHS = "$(inherited) @executable_path/Frameworks";
				PRODUCT_BUNDLE_IDENTIFIER = com.simonkaz.TwitchListing;
				PRODUCT_NAME = "$(TARGET_NAME)";
				SWIFT_VERSION = 3.0;
			};
			name = Debug;
		};
		3624F8071EDB14F4001159BC /* Release */ = {
			isa = XCBuildConfiguration;
			buildSettings = {
				ASSETCATALOG_COMPILER_APPICON_NAME = AppIcon;
				DEVELOPMENT_TEAM = 89T37KVV7J;
				INFOPLIST_FILE = TwitchListing/Info.plist;
				LD_RUNPATH_SEARCH_PATHS = "$(inherited) @executable_path/Frameworks";
				PRODUCT_BUNDLE_IDENTIFIER = com.simonkaz.TwitchListing;
				PRODUCT_NAME = "$(TARGET_NAME)";
				SWIFT_VERSION = 3.0;
			};
			name = Release;
		};
/* End XCBuildConfiguration section */

/* Begin XCConfigurationList section */
		3624F7EE1EDB14F4001159BC /* Build configuration list for PBXProject "TwitchListing" */ = {
			isa = XCConfigurationList;
			buildConfigurations = (
				3624F8031EDB14F4001159BC /* Debug */,
				3624F8041EDB14F4001159BC /* Release */,
			);
			defaultConfigurationIsVisible = 0;
			defaultConfigurationName = Release;
		};
		3624F8051EDB14F4001159BC /* Build configuration list for PBXNativeTarget "TwitchListing" */ = {
			isa = XCConfigurationList;
			buildConfigurations = (
				3624F8061EDB14F4001159BC /* Debug */,
				3624F8071EDB14F4001159BC /* Release */,
			);
			defaultConfigurationIsVisible = 0;
		};
/* End XCConfigurationList section */
	};
	rootObject = 3624F7EB1EDB14F4001159BC /* Project object */;
}
